
Microsoft Visual Studio Solution File, Format Version 12.00
# Visual Studio Version 17
VisualStudioVersion = 17.9.34607.119
MinimumVisualStudioVersion = 10.0.40219.1
Project("{8BC9CEB8-8B4A-11D0-8D11-00A0C91BC942}") = "Proyecto programacion estructurada", "Proyecto programacion estructurada\Proyecto programacion estructurada.vcxproj", "{11E22FD8-38B5-4989-96DB-D5D8D7B29215}"
EndProject
Global
	GlobalSection(SolutionConfigurationPlatforms) = preSolution
		Debug|x64 = Debug|x64
		Debug|x86 = Debug|x86
		Release|x64 = Release|x64
		Release|x86 = Release|x86
	EndGlobalSection
	GlobalSection(ProjectConfigurationPlatforms) = postSolution
		{11E22FD8-38B5-4989-96DB-D5D8D7B29215}.Debug|x64.ActiveCfg = Debug|x64
		{11E22FD8-38B5-4989-96DB-D5D8D7B29215}.Debug|x64.Build.0 = Debug|x64
		{11E22FD8-38B5-4989-96DB-D5D8D7B29215}.Debug|x86.ActiveCfg = Debug|Win32
		{11E22FD8-38B5-4989-96DB-D5D8D7B29215}.Debug|x86.Build.0 = Debug|Win32
		{11E22FD8-38B5-4989-96DB-D5D8D7B29215}.Release|x64.ActiveCfg = Release|x64
		{11E22FD8-38B5-4989-96DB-D5D8D7B29215}.Release|x64.Build.0 = Release|x64
		{11E22FD8-38B5-4989-96DB-D5D8D7B29215}.Release|x86.ActiveCfg = Release|Win32
		{11E22FD8-38B5-4989-96DB-D5D8D7B29215}.Release|x86.Build.0 = Release|Win32
	EndGlobalSection
	GlobalSection(SolutionProperties) = preSolution
		HideSolutionNode = FALSE
	EndGlobalSection
	GlobalSection(ExtensibilityGlobals) = postSolution
		SolutionGuid = {F82E5D83-9A51-4DE3-9F62-36C04E4E0EB7}
	EndGlobalSection
EndGlobal
